
Microsoft Visual Studio Solution File, Format Version 12.00
# Visual Studio Version 17
VisualStudioVersion = 17.0.31912.275
MinimumVisualStudioVersion = 10.0.40219.1
Project("{FAE04EC0-301F-11D3-BF4B-00C04F79EFBC}") = "nasa-api", "nasa-api\nasa-api.csproj", "{E0253E8F-FCB3-47F7-BE2E-8A188A803648}"
EndProject
Global
	GlobalSection(SolutionConfigurationPlatforms) = preSolution
		Debug|Any CPU = Debug|Any CPU
		Release|Any CPU = Release|Any CPU
	EndGlobalSection
	GlobalSection(ProjectConfigurationPlatforms) = postSolution
		{E0253E8F-FCB3-47F7-BE2E-8A188A803648}.Debug|Any CPU.ActiveCfg = Debug|Any CPU
		{E0253E8F-FCB3-47F7-BE2E-8A188A803648}.Debug|Any CPU.Build.0 = Debug|Any CPU
		{E0253E8F-FCB3-47F7-BE2E-8A188A803648}.Release|Any CPU.ActiveCfg = Release|Any CPU
		{E0253E8F-FCB3-47F7-BE2E-8A188A803648}.Release|Any CPU.Build.0 = Release|Any CPU
	EndGlobalSection
	GlobalSection(SolutionProperties) = preSolution
		HideSolutionNode = FALSE
	EndGlobalSection
	GlobalSection(ExtensibilityGlobals) = postSolution
		SolutionGuid = {D48A9947-F02F-4A61-9F63-27D9D20E57F5}
	EndGlobalSection
EndGlobal
